
Microsoft Visual Studio Solution File, Format Version 12.00
# Visual Studio 14
VisualStudioVersion = 14.0.25420.1
MinimumVisualStudioVersion = 10.0.40219.1
Project("{2150E333-8FDC-42A3-9474-1A3956D46DE8}") = "src", "src", "{50B26528-4059-4DCC-830F-777D5C0C7F2F}"
EndProject
Project("{2150E333-8FDC-42A3-9474-1A3956D46DE8}") = "Solution Items", "Solution Items", "{4E10BE6A-7DD1-4DA5-828D-076098118BA0}"
	ProjectSection(SolutionItems) = preProject
		global.json = global.json
	EndProjectSection
EndProject
Project("{8BB2217D-0F2D-49D1-97BC-3654ED321F3B}") = "IdentityServerWithAspNetIdentity", "src\IdentityServerWithAspNetIdentity\IdentityServerWithAspNetIdentity.xproj", "{1ECB5581-FFA5-4C11-A491-C85ABD962033}"
EndProject
Project("{8BB2217D-0F2D-49D1-97BC-3654ED321F3B}") = "Web", "src\Web\Web.xproj", "{0FA9D443-75DB-484D-8D3F-79AC31EA048F}"
EndProject
Project("{8BB2217D-0F2D-49D1-97BC-3654ED321F3B}") = "Api", "src\Api\Api.xproj", "{42EE4399-DDCE-4C39-BFBF-2AC96943D600}"
EndProject
Global
	GlobalSection(SolutionConfigurationPlatforms) = preSolution
		Debug|Any CPU = Debug|Any CPU
		Release|Any CPU = Release|Any CPU
	EndGlobalSection
	GlobalSection(ProjectConfigurationPlatforms) = postSolution
		{1ECB5581-FFA5-4C11-A491-C85ABD962033}.Debug|Any CPU.ActiveCfg = Debug|Any CPU
		{1ECB5581-FFA5-4C11-A491-C85ABD962033}.Debug|Any CPU.Build.0 = Debug|Any CPU
		{1ECB5581-FFA5-4C11-A491-C85ABD962033}.Release|Any CPU.ActiveCfg = Release|Any CPU
		{1ECB5581-FFA5-4C11-A491-C85ABD962033}.Release|Any CPU.Build.0 = Release|Any CPU
		{0FA9D443-75DB-484D-8D3F-79AC31EA048F}.Debug|Any CPU.ActiveCfg = Debug|Any CPU
		{0FA9D443-75DB-484D-8D3F-79AC31EA048F}.Debug|Any CPU.Build.0 = Debug|Any CPU
		{0FA9D443-75DB-484D-8D3F-79AC31EA048F}.Release|Any CPU.ActiveCfg = Release|Any CPU
		{0FA9D443-75DB-484D-8D3F-79AC31EA048F}.Release|Any CPU.Build.0 = Release|Any CPU
		{42EE4399-DDCE-4C39-BFBF-2AC96943D600}.Debug|Any CPU.ActiveCfg = Debug|Any CPU
		{42EE4399-DDCE-4C39-BFBF-2AC96943D600}.Debug|Any CPU.Build.0 = Debug|Any CPU
		{42EE4399-DDCE-4C39-BFBF-2AC96943D600}.Release|Any CPU.ActiveCfg = Release|Any CPU
		{42EE4399-DDCE-4C39-BFBF-2AC96943D600}.Release|Any CPU.Build.0 = Release|Any CPU
	EndGlobalSection
	GlobalSection(SolutionProperties) = preSolution
		HideSolutionNode = FALSE
	EndGlobalSection
	GlobalSection(NestedProjects) = preSolution
		{1ECB5581-FFA5-4C11-A491-C85ABD962033} = {50B26528-4059-4DCC-830F-777D5C0C7F2F}
		{42EE4399-DDCE-4C39-BFBF-2AC96943D600} = {50B26528-4059-4DCC-830F-777D5C0C7F2F}
	EndGlobalSection
EndGlobal
